// !$*UTF8*$!
{
	archiveVersion = 1;
	classes = {
	};
	objectVersion = 77;
	objects = {

/* Begin PBXBuildFile section */
		21308D98E3E1B8C188892FFA /* Pods_goistatsTests.framework in Frameworks */ = {isa = PBXBuildFile; fileRef = 6C2E0927D3E85BF70A80422B /* Pods_goistatsTests.framework */; };
		49AD9D922E3E4F4C00F80CD7 /* WebKit.framework in Frameworks */ = {isa = PBXBuildFile; fileRef = 49AD9D912E3E4F4C00F80CD7 /* WebKit.framework */; };
		5C98161F27B6EC290170B60F /* Pods_goistats.framework in Frameworks */ = {isa = PBXBuildFile; fileRef = 0A91B229E80BE2790DF07219 /* Pods_goistats.framework */; };
		A70E0E882E4DBDB30026A8BA /* Lottie in Frameworks */ = {isa = PBXBuildFile; productRef = A70E0E872E4DBDB30026A8BA /* Lottie */; };
		A71C99392E8FCA9A00478208 /* PocketSVG in Frameworks */ = {isa = PBXBuildFile; productRef = A71C99382E8FCA9900478208 /* PocketSVG */; };
		A73D28602E3B27AA006D5CEB /* SDWebImageWebPCoder in Frameworks */ = {isa = PBXBuildFile; productRef = A73D285F2E3B27AA006D5CEB /* SDWebImageWebPCoder */; };
		A799E9EE2E937EA1003D8288 /* PocketSVG in Embed Frameworks */ = {isa = PBXBuildFile; productRef = A71C99382E8FCA9900478208 /* PocketSVG */; settings = {ATTRIBUTES = (CodeSignOnCopy, ); }; };
		A79AFD6E2E4A082400B0D3D8 /* FirebaseCore in Frameworks */ = {isa = PBXBuildFile; productRef = A79AFD6D2E4A082400B0D3D8 /* FirebaseCore */; };
		A79AFD702E4A082400B0D3D8 /* FirebaseMessaging in Frameworks */ = {isa = PBXBuildFile; productRef = A79AFD6F2E4A082400B0D3D8 /* FirebaseMessaging */; };
		A7EA71B52E3A426500FEA7CD /* SVGKit in Frameworks */ = {isa = PBXBuildFile; productRef = A7EA71B42E3A426500FEA7CD /* SVGKit */; };
		A7EA71B72E3A426500FEA7CD /* SVGKitSwift in Frameworks */ = {isa = PBXBuildFile; productRef = A7EA71B62E3A426500FEA7CD /* SVGKitSwift */; };
		E94E1581D4C84EEA6617AB69 /* Pods_goistats_goistatsUITests.framework in Frameworks */ = {isa = PBXBuildFile; fileRef = 27DD440193308C0825DF941B /* Pods_goistats_goistatsUITests.framework */; };
/* End PBXBuildFile section */

/* Begin PBXContainerItemProxy section */
		A72054462E2110C2003E6EE8 /* PBXContainerItemProxy */ = {
			isa = PBXContainerItemProxy;
			containerPortal = A72054242E2110C1003E6EE8 /* Project object */;
			proxyType = 1;
			remoteGlobalIDString = A720542B2E2110C1003E6EE8;
			remoteInfo = goistats;
		};
		A72054502E2110C2003E6EE8 /* PBXContainerItemProxy */ = {
			isa = PBXContainerItemProxy;
			containerPortal = A72054242E2110C1003E6EE8 /* Project object */;
			proxyType = 1;
			remoteGlobalIDString = A720542B2E2110C1003E6EE8;
			remoteInfo = goistats;
		};
/* End PBXContainerItemProxy section */

/* Begin PBXCopyFilesBuildPhase section */
		A799E9EF2E937EA1003D8288 /* Embed Frameworks */ = {
			isa = PBXCopyFilesBuildPhase;
			buildActionMask = 2147483647;
			dstPath = "";
			dstSubfolderSpec = 10;
			files = (
				A799E9EE2E937EA1003D8288 /* PocketSVG in Embed Frameworks */,
			);
			name = "Embed Frameworks";
			runOnlyForDeploymentPostprocessing = 0;
		};
/* End PBXCopyFilesBuildPhase section */

/* Begin PBXFileReference section */
		0A91B229E80BE2790DF07219 /* Pods_goistats.framework */ = {isa = PBXFileReference; explicitFileType = wrapper.framework; includeInIndex = 0; path = Pods_goistats.framework; sourceTree = BUILT_PRODUCTS_DIR; };
		27DD440193308C0825DF941B /* Pods_goistats_goistatsUITests.framework */ = {isa = PBXFileReference; explicitFileType = wrapper.framework; includeInIndex = 0; path = Pods_goistats_goistatsUITests.framework; sourceTree = BUILT_PRODUCTS_DIR; };
		355C0E1298455C93DA734EA1 /* Pods-goistats.debug.xcconfig */ = {isa = PBXFileReference; includeInIndex = 1; lastKnownFileType = text.xcconfig; name = "Pods-goistats.debug.xcconfig"; path = "Target Support Files/Pods-goistats/Pods-goistats.debug.xcconfig"; sourceTree = "<group>"; };
		49AD9D912E3E4F4C00F80CD7 /* WebKit.framework */ = {isa = PBXFileReference; lastKnownFileType = wrapper.framework; name = WebKit.framework; path = System/Library/Frameworks/WebKit.framework; sourceTree = SDKROOT; };
		6C2E0927D3E85BF70A80422B /* Pods_goistatsTests.framework */ = {isa = PBXFileReference; explicitFileType = wrapper.framework; includeInIndex = 0; path = Pods_goistatsTests.framework; sourceTree = BUILT_PRODUCTS_DIR; };
		9619C2F422A1ADFA9B55DE53 /* Pods-goistats.release.xcconfig */ = {isa = PBXFileReference; includeInIndex = 1; lastKnownFileType = text.xcconfig; name = "Pods-goistats.release.xcconfig"; path = "Target Support Files/Pods-goistats/Pods-goistats.release.xcconfig"; sourceTree = "<group>"; };
		A54AA152E116BFA98123FAD5 /* Pods-goistats-goistatsUITests.debug.xcconfig */ = {isa = PBXFileReference; includeInIndex = 1; lastKnownFileType = text.xcconfig; name = "Pods-goistats-goistatsUITests.debug.xcconfig"; path = "Target Support Files/Pods-goistats-goistatsUITests/Pods-goistats-goistatsUITests.debug.xcconfig"; sourceTree = "<group>"; };
		A720542C2E2110C1003E6EE8 /* GoIStats.app */ = {isa = PBXFileReference; explicitFileType = wrapper.application; includeInIndex = 0; path = GoIStats.app; sourceTree = BUILT_PRODUCTS_DIR; };
		A72054452E2110C2003E6EE8 /* goistatsTests.xctest */ = {isa = PBXFileReference; explicitFileType = wrapper.cfbundle; includeInIndex = 0; path = goistatsTests.xctest; sourceTree = BUILT_PRODUCTS_DIR; };
		A720544F2E2110C2003E6EE8 /* goistatsUITests.xctest */ = {isa = PBXFileReference; explicitFileType = wrapper.cfbundle; includeInIndex = 0; path = goistatsUITests.xctest; sourceTree = BUILT_PRODUCTS_DIR; };
		B3642BE25DE066768ACF8461 /* Pods-goistatsTests.debug.xcconfig */ = {isa = PBXFileReference; includeInIndex = 1; lastKnownFileType = text.xcconfig; name = "Pods-goistatsTests.debug.xcconfig"; path = "Target Support Files/Pods-goistatsTests/Pods-goistatsTests.debug.xcconfig"; sourceTree = "<group>"; };
		B867BD5702742297192D0B6A /* Pods-goistatsTests.release.xcconfig */ = {isa = PBXFileReference; includeInIndex = 1; lastKnownFileType = text.xcconfig; name = "Pods-goistatsTests.release.xcconfig"; path = "Target Support Files/Pods-goistatsTests/Pods-goistatsTests.release.xcconfig"; sourceTree = "<group>"; };
		D9E1776D3BA45120EE6F3D3E /* Pods-goistats-goistatsUITests.release.xcconfig */ = {isa = PBXFileReference; includeInIndex = 1; lastKnownFileType = text.xcconfig; name = "Pods-goistats-goistatsUITests.release.xcconfig"; path = "Target Support Files/Pods-goistats-goistatsUITests/Pods-goistats-goistatsUITests.release.xcconfig"; sourceTree = "<group>"; };
/* End PBXFileReference section */

/* Begin PBXFileSystemSynchronizedBuildFileExceptionSet section */
		A72054572E2110C2003E6EE8 /* Exceptions for "goistats" folder in "goistats" target */ = {
			isa = PBXFileSystemSynchronizedBuildFileExceptionSet;
			membershipExceptions = (
				Info.plist,
			);
			target = A720542B2E2110C1003E6EE8 /* goistats */;
		};
/* End PBXFileSystemSynchronizedBuildFileExceptionSet section */

/* Begin PBXFileSystemSynchronizedRootGroup section */
		A720542E2E2110C1003E6EE8 /* goistats */ = {
			isa = PBXFileSystemSynchronizedRootGroup;
			exceptions = (
				A72054572E2110C2003E6EE8 /* Exceptions for "goistats" folder in "goistats" target */,
			);
			path = goistats;
			sourceTree = "<group>";
		};
		A72054482E2110C2003E6EE8 /* goistatsTests */ = {
			isa = PBXFileSystemSynchronizedRootGroup;
			path = goistatsTests;
			sourceTree = "<group>";
		};
		A72054522E2110C2003E6EE8 /* goistatsUITests */ = {
			isa = PBXFileSystemSynchronizedRootGroup;
			path = goistatsUITests;
			sourceTree = "<group>";
		};
/* End PBXFileSystemSynchronizedRootGroup section */

/* Begin PBXFrameworksBuildPhase section */
		A72054292E2110C1003E6EE8 /* Frameworks */ = {
			isa = PBXFrameworksBuildPhase;
			buildActionMask = 2147483647;
			files = (
				49AD9D922E3E4F4C00F80CD7 /* WebKit.framework in Frameworks */,
				A7EA71B72E3A426500FEA7CD /* SVGKitSwift in Frameworks */,
				A79AFD702E4A082400B0D3D8 /* FirebaseMessaging in Frameworks */,
				A71C99392E8FCA9A00478208 /* PocketSVG in Frameworks */,
				A7EA71B52E3A426500FEA7CD /* SVGKit in Frameworks */,
				A73D28602E3B27AA006D5CEB /* SDWebImageWebPCoder in Frameworks */,
				A79AFD6E2E4A082400B0D3D8 /* FirebaseCore in Frameworks */,
				A70E0E882E4DBDB30026A8BA /* Lottie in Frameworks */,
				5C98161F27B6EC290170B60F /* Pods_goistats.framework in Frameworks */,
			);
			runOnlyForDeploymentPostprocessing = 0;
		};
		A72054422E2110C2003E6EE8 /* Frameworks */ = {
			isa = PBXFrameworksBuildPhase;
			buildActionMask = 2147483647;
			files = (
				21308D98E3E1B8C188892FFA /* Pods_goistatsTests.framework in Frameworks */,
			);
			runOnlyForDeploymentPostprocessing = 0;
		};
		A720544C2E2110C2003E6EE8 /* Frameworks */ = {
			isa = PBXFrameworksBuildPhase;
			buildActionMask = 2147483647;
			files = (
				E94E1581D4C84EEA6617AB69 /* Pods_goistats_goistatsUITests.framework in Frameworks */,
			);
			runOnlyForDeploymentPostprocessing = 0;
		};
/* End PBXFrameworksBuildPhase section */

/* Begin PBXGroup section */
		02AA716A73CBE0716576964C /* Frameworks */ = {
			isa = PBXGroup;
			children = (
				49AD9D912E3E4F4C00F80CD7 /* WebKit.framework */,
				0A91B229E80BE2790DF07219 /* Pods_goistats.framework */,
				27DD440193308C0825DF941B /* Pods_goistats_goistatsUITests.framework */,
				6C2E0927D3E85BF70A80422B /* Pods_goistatsTests.framework */,
			);
			name = Frameworks;
			sourceTree = "<group>";
		};
		7B6FD8BE4916F19ACFA88A63 /* Pods */ = {
			isa = PBXGroup;
			children = (
				355C0E1298455C93DA734EA1 /* Pods-goistats.debug.xcconfig */,
				9619C2F422A1ADFA9B55DE53 /* Pods-goistats.release.xcconfig */,
				A54AA152E116BFA98123FAD5 /* Pods-goistats-goistatsUITests.debug.xcconfig */,
				D9E1776D3BA45120EE6F3D3E /* Pods-goistats-goistatsUITests.release.xcconfig */,
				B3642BE25DE066768ACF8461 /* Pods-goistatsTests.debug.xcconfig */,
				B867BD5702742297192D0B6A /* Pods-goistatsTests.release.xcconfig */,
			);
			path = Pods;
			sourceTree = "<group>";
		};
		A72054232E2110C1003E6EE8 = {
			isa = PBXGroup;
			children = (
				A720542E2E2110C1003E6EE8 /* goistats */,
				A72054482E2110C2003E6EE8 /* goistatsTests */,
				A72054522E2110C2003E6EE8 /* goistatsUITests */,
				A720542D2E2110C1003E6EE8 /* Products */,
				7B6FD8BE4916F19ACFA88A63 /* Pods */,
				02AA716A73CBE0716576964C /* Frameworks */,
			);
			sourceTree = "<group>";
		};
		A720542D2E2110C1003E6EE8 /* Products */ = {
			isa = PBXGroup;
			children = (
				A720542C2E2110C1003E6EE8 /* GoIStats.app */,
				A72054452E2110C2003E6EE8 /* goistatsTests.xctest */,
				A720544F2E2110C2003E6EE8 /* goistatsUITests.xctest */,
			);
			name = Products;
			sourceTree = "<group>";
		};
/* End PBXGroup section */

/* Begin PBXNativeTarget section */
		A720542B2E2110C1003E6EE8 /* goistats */ = {
			isa = PBXNativeTarget;
			buildConfigurationList = A72054582E2110C2003E6EE8 /* Build configuration list for PBXNativeTarget "goistats" */;
			buildPhases = (
				67CEC6D66060BAD983EA6B5A /* [CP] Check Pods Manifest.lock */,
				A72054282E2110C1003E6EE8 /* Sources */,
				A72054292E2110C1003E6EE8 /* Frameworks */,
				A720542A2E2110C1003E6EE8 /* Resources */,
				4A2E64E07932F7E743462ACC /* [CP] Copy Pods Resources */,
				A799E9EF2E937EA1003D8288 /* Embed Frameworks */,
			);
			buildRules = (
			);
			dependencies = (
			);
			fileSystemSynchronizedGroups = (
				A720542E2E2110C1003E6EE8 /* goistats */,
			);
			name = goistats;
			productName = goistats;
			productReference = A720542C2E2110C1003E6EE8 /* GoIStats.app */;
			productType = "com.apple.product-type.application";
		};
		A72054442E2110C2003E6EE8 /* goistatsTests */ = {
			isa = PBXNativeTarget;
			buildConfigurationList = A720545D2E2110C2003E6EE8 /* Build configuration list for PBXNativeTarget "goistatsTests" */;
			buildPhases = (
				E3959FFBE1FAE9A05BC9F529 /* [CP] Check Pods Manifest.lock */,
				A72054412E2110C2003E6EE8 /* Sources */,
				A72054422E2110C2003E6EE8 /* Frameworks */,
				A72054432E2110C2003E6EE8 /* Resources */,
			);
			buildRules = (
			);
			dependencies = (
				A72054472E2110C2003E6EE8 /* PBXTargetDependency */,
			);
			fileSystemSynchronizedGroups = (
				A72054482E2110C2003E6EE8 /* goistatsTests */,
			);
			name = goistatsTests;
			productName = goistatsTests;
			productReference = A72054452E2110C2003E6EE8 /* goistatsTests.xctest */;
			productType = "com.apple.product-type.bundle.unit-test";
		};
		A720544E2E2110C2003E6EE8 /* goistatsUITests */ = {
			isa = PBXNativeTarget;
			buildConfigurationList = A72054602E2110C2003E6EE8 /* Build configuration list for PBXNativeTarget "goistatsUITests" */;
			buildPhases = (
				5275FC8FBC38BEEE12E41DFD /* [CP] Check Pods Manifest.lock */,
				A720544B2E2110C2003E6EE8 /* Sources */,
				A720544C2E2110C2003E6EE8 /* Frameworks */,
				A720544D2E2110C2003E6EE8 /* Resources */,
				B955E20805DFADC18C8162CE /* [CP] Copy Pods Resources */,
			);
			buildRules = (
			);
			dependencies = (
				A72054512E2110C2003E6EE8 /* PBXTargetDependency */,
			);
			fileSystemSynchronizedGroups = (
				A72054522E2110C2003E6EE8 /* goistatsUITests */,
			);
			name = goistatsUITests;
			productName = goistatsUITests;
			productReference = A720544F2E2110C2003E6EE8 /* goistatsUITests.xctest */;
			productType = "com.apple.product-type.bundle.ui-testing";
		};
/* End PBXNativeTarget section */

/* Begin PBXProject section */
		A72054242E2110C1003E6EE8 /* Project object */ = {
			isa = PBXProject;
			attributes = {
				BuildIndependentTargetsInParallel = 1;
				LastSwiftUpdateCheck = 1640;
				LastUpgradeCheck = 1640;
				TargetAttributes = {
					A720542B2E2110C1003E6EE8 = {
						CreatedOnToolsVersion = 16.4;
					};
					A72054442E2110C2003E6EE8 = {
						CreatedOnToolsVersion = 16.4;
						TestTargetID = A720542B2E2110C1003E6EE8;
					};
					A720544E2E2110C2003E6EE8 = {
						CreatedOnToolsVersion = 16.4;
						TestTargetID = A720542B2E2110C1003E6EE8;
					};
				};
			};
			buildConfigurationList = A72054272E2110C1003E6EE8 /* Build configuration list for PBXProject "goistats" */;
			developmentRegion = en;
			hasScannedForEncodings = 0;
			knownRegions = (
				en,
				Base,
			);
			mainGroup = A72054232E2110C1003E6EE8;
			minimizedProjectReferenceProxies = 1;
			packageReferences = (
				A7EA71B32E3A41BE00FEA7CD /* XCRemoteSwiftPackageReference "SVGKit" */,
				A73D285E2E3B27AA006D5CEB /* XCRemoteSwiftPackageReference "SDWebImageWebPCoder" */,
				A79AFD6C2E4A082400B0D3D8 /* XCRemoteSwiftPackageReference "firebase-ios-sdk" */,
				A70E0E862E4DBDB30026A8BA /* XCRemoteSwiftPackageReference "lottie-ios" */,
				A71C99372E8FCA9900478208 /* XCRemoteSwiftPackageReference "PocketSVG" */,
			);
			preferredProjectObjectVersion = 77;
			productRefGroup = A720542D2E2110C1003E6EE8 /* Products */;
			projectDirPath = "";
			projectRoot = "";
			targets = (
				A720542B2E2110C1003E6EE8 /* goistats */,
				A72054442E2110C2003E6EE8 /* goistatsTests */,
				A720544E2E2110C2003E6EE8 /* goistatsUITests */,
			);
		};
/* End PBXProject section */

/* Begin PBXResourcesBuildPhase section */
		A720542A2E2110C1003E6EE8 /* Resources */ = {
			isa = PBXResourcesBuildPhase;
			buildActionMask = 2147483647;
			files = (
			);
			runOnlyForDeploymentPostprocessing = 0;
		};
		A72054432E2110C2003E6EE8 /* Resources */ = {
			isa = PBXResourcesBuildPhase;
			buildActionMask = 2147483647;
			files = (
			);
			runOnlyForDeploymentPostprocessing = 0;
		};
		A720544D2E2110C2003E6EE8 /* Resources */ = {
			isa = PBXResourcesBuildPhase;
			buildActionMask = 2147483647;
			files = (
			);
			runOnlyForDeploymentPostprocessing = 0;
		};
/* End PBXResourcesBuildPhase section */

/* Begin PBXShellScriptBuildPhase section */
		4A2E64E07932F7E743462ACC /* [CP] Copy Pods Resources */ = {
			isa = PBXShellScriptBuildPhase;
			buildActionMask = 2147483647;
			files = (
			);
			inputFileListPaths = (
				"${PODS_ROOT}/Target Support Files/Pods-goistats/Pods-goistats-resources-${CONFIGURATION}-input-files.xcfilelist",
			);
			inputPaths = (
			);
			name = "[CP] Copy Pods Resources";
			outputFileListPaths = (
				"${PODS_ROOT}/Target Support Files/Pods-goistats/Pods-goistats-resources-${CONFIGURATION}-output-files.xcfilelist",
			);
			outputPaths = (
			);
			runOnlyForDeploymentPostprocessing = 0;
			shellPath = /bin/sh;
			shellScript = "\"${PODS_ROOT}/Target Support Files/Pods-goistats/Pods-goistats-resources.sh\"\n";
			showEnvVarsInLog = 0;
		};
		5275FC8FBC38BEEE12E41DFD /* [CP] Check Pods Manifest.lock */ = {
			isa = PBXShellScriptBuildPhase;
			buildActionMask = 2147483647;
			files = (
			);
			inputFileListPaths = (
			);
			inputPaths = (
				"${PODS_PODFILE_DIR_PATH}/Podfile.lock",
				"${PODS_ROOT}/Manifest.lock",
			);
			name = "[CP] Check Pods Manifest.lock";
			outputFileListPaths = (
			);
			outputPaths = (
				"$(DERIVED_FILE_DIR)/Pods-goistats-goistatsUITests-checkManifestLockResult.txt",
			);
			runOnlyForDeploymentPostprocessing = 0;
			shellPath = /bin/sh;
			shellScript = "diff \"${PODS_PODFILE_DIR_PATH}/Podfile.lock\" \"${PODS_ROOT}/Manifest.lock\" > /dev/null\nif [ $? != 0 ] ; then\n    # print error to STDERR\n    echo \"error: The sandbox is not in sync with the Podfile.lock. Run 'pod install' or update your CocoaPods installation.\" >&2\n    exit 1\nfi\n# This output is used by Xcode 'outputs' to avoid re-running this script phase.\necho \"SUCCESS\" > \"${SCRIPT_OUTPUT_FILE_0}\"\n";
			showEnvVarsInLog = 0;
		};
		67CEC6D66060BAD983EA6B5A /* [CP] Check Pods Manifest.lock */ = {
			isa = PBXShellScriptBuildPhase;
			buildActionMask = 2147483647;
			files = (
			);
			inputFileListPaths = (
			);
			inputPaths = (
				"${PODS_PODFILE_DIR_PATH}/Podfile.lock",
				"${PODS_ROOT}/Manifest.lock",
			);
			name = "[CP] Check Pods Manifest.lock";
			outputFileListPaths = (
			);
			outputPaths = (
				"$(DERIVED_FILE_DIR)/Pods-goistats-checkManifestLockResult.txt",
			);
			runOnlyForDeploymentPostprocessing = 0;
			shellPath = /bin/sh;
			shellScript = "diff \"${PODS_PODFILE_DIR_PATH}/Podfile.lock\" \"${PODS_ROOT}/Manifest.lock\" > /dev/null\nif [ $? != 0 ] ; then\n    # print error to STDERR\n    echo \"error: The sandbox is not in sync with the Podfile.lock. Run 'pod install' or update your CocoaPods installation.\" >&2\n    exit 1\nfi\n# This output is used by Xcode 'outputs' to avoid re-running this script phase.\necho \"SUCCESS\" > \"${SCRIPT_OUTPUT_FILE_0}\"\n";
			showEnvVarsInLog = 0;
		};
		B955E20805DFADC18C8162CE /* [CP] Copy Pods Resources */ = {
			isa = PBXShellScriptBuildPhase;
			buildActionMask = 2147483647;
			files = (
			);
			inputFileListPaths = (
				"${PODS_ROOT}/Target Support Files/Pods-goistats-goistatsUITests/Pods-goistats-goistatsUITests-resources-${CONFIGURATION}-input-files.xcfilelist",
			);
			inputPaths = (
			);
			name = "[CP] Copy Pods Resources";
			outputFileListPaths = (
				"${PODS_ROOT}/Target Support Files/Pods-goistats-goistatsUITests/Pods-goistats-goistatsUITests-resources-${CONFIGURATION}-output-files.xcfilelist",
			);
			outputPaths = (
			);
			runOnlyForDeploymentPostprocessing = 0;
			shellPath = /bin/sh;
			shellScript = "\"${PODS_ROOT}/Target Support Files/Pods-goistats-goistatsUITests/Pods-goistats-goistatsUITests-resources.sh\"\n";
			showEnvVarsInLog = 0;
		};
		E3959FFBE1FAE9A05BC9F529 /* [CP] Check Pods Manifest.lock */ = {
			isa = PBXShellScriptBuildPhase;
			buildActionMask = 2147483647;
			files = (
			);
			inputFileListPaths = (
			);
			inputPaths = (
				"${PODS_PODFILE_DIR_PATH}/Podfile.lock",
				"${PODS_ROOT}/Manifest.lock",
			);
			name = "[CP] Check Pods Manifest.lock";
			outputFileListPaths = (
			);
			outputPaths = (
				"$(DERIVED_FILE_DIR)/Pods-goistatsTests-checkManifestLockResult.txt",
			);
			runOnlyForDeploymentPostprocessing = 0;
			shellPath = /bin/sh;
			shellScript = "diff \"${PODS_PODFILE_DIR_PATH}/Podfile.lock\" \"${PODS_ROOT}/Manifest.lock\" > /dev/null\nif [ $? != 0 ] ; then\n    # print error to STDERR\n    echo \"error: The sandbox is not in sync with the Podfile.lock. Run 'pod install' or update your CocoaPods installation.\" >&2\n    exit 1\nfi\n# This output is used by Xcode 'outputs' to avoid re-running this script phase.\necho \"SUCCESS\" > \"${SCRIPT_OUTPUT_FILE_0}\"\n";
			showEnvVarsInLog = 0;
		};
/* End PBXShellScriptBuildPhase section */

/* Begin PBXSourcesBuildPhase section */
		A72054282E2110C1003E6EE8 /* Sources */ = {
			isa = PBXSourcesBuildPhase;
			buildActionMask = 2147483647;
			files = (
			);
			runOnlyForDeploymentPostprocessing = 0;
		};
		A72054412E2110C2003E6EE8 /* Sources */ = {
			isa = PBXSourcesBuildPhase;
			buildActionMask = 2147483647;
			files = (
			);
			runOnlyForDeploymentPostprocessing = 0;
		};
		A720544B2E2110C2003E6EE8 /* Sources */ = {
			isa = PBXSourcesBuildPhase;
			buildActionMask = 2147483647;
			files = (
			);
			runOnlyForDeploymentPostprocessing = 0;
		};
/* End PBXSourcesBuildPhase section */

/* Begin PBXTargetDependency section */
		A72054472E2110C2003E6EE8 /* PBXTargetDependency */ = {
			isa = PBXTargetDependency;
			target = A720542B2E2110C1003E6EE8 /* goistats */;
			targetProxy = A72054462E2110C2003E6EE8 /* PBXContainerItemProxy */;
		};
		A72054512E2110C2003E6EE8 /* PBXTargetDependency */ = {
			isa = PBXTargetDependency;
			target = A720542B2E2110C1003E6EE8 /* goistats */;
			targetProxy = A72054502E2110C2003E6EE8 /* PBXContainerItemProxy */;
		};
/* End PBXTargetDependency section */

/* Begin XCBuildConfiguration section */
		A72054592E2110C2003E6EE8 /* Debug */ = {
			isa = XCBuildConfiguration;
			baseConfigurationReference = 355C0E1298455C93DA734EA1 /* Pods-goistats.debug.xcconfig */;
			buildSettings = {
				ASSETCATALOG_COMPILER_APPICON_NAME = AppIcon;
				ASSETCATALOG_COMPILER_GLOBAL_ACCENT_COLOR_NAME = AccentColor;
				CODE_SIGN_ENTITLEMENTS = goistats/goistats.entitlements;
				CODE_SIGN_IDENTITY = "Apple Development";
				"CODE_SIGN_IDENTITY[sdk=iphoneos*]" = "iPhone Developer";
				CODE_SIGN_STYLE = Manual;
				CURRENT_PROJECT_VERSION = 1;
				DEVELOPMENT_TEAM = "";
				"DEVELOPMENT_TEAM[sdk=iphoneos*]" = U5X787ML8J;
				GENERATE_INFOPLIST_FILE = YES;
				INFOPLIST_FILE = goistats/Info.plist;
				INFOPLIST_KEY_CFBundleDisplayName = GoIStats;
				INFOPLIST_KEY_NSMicrophoneUsageDescription = "We need access to the microphone for voice based data search in Products Tab.";
				INFOPLIST_KEY_NSPhotoLibraryAddUsageDescription = "We need access to the photo library to save images/data downloaded from the App.";
				INFOPLIST_KEY_NSPhotoLibraryUsageDescription = "We need access to the photo library to save images/data downloaded from the App.";
				INFOPLIST_KEY_NSSpeechRecognitionUsageDescription = "We need access to the microphone for voice based data search in Products Tab.";
				INFOPLIST_KEY_UIApplicationSupportsIndirectInputEvents = YES;
				INFOPLIST_KEY_UILaunchStoryboardName = LaunchScreen;
				INFOPLIST_KEY_UIMainStoryboardFile = Main;
				INFOPLIST_KEY_UISupportedInterfaceOrientations = UIInterfaceOrientationPortrait;
				INFOPLIST_KEY_UISupportedInterfaceOrientations_iPad = "UIInterfaceOrientationLandscapeLeft UIInterfaceOrientationLandscapeRight UIInterfaceOrientationPortrait UIInterfaceOrientationPortraitUpsideDown";
				IPHONEOS_DEPLOYMENT_TARGET = 15.6;
				LD_RUNPATH_SEARCH_PATHS = (
					"$(inherited)",
					"@executable_path/Frameworks",
				);
				MARKETING_VERSION = 1.0.1;
				PRODUCT_BUNDLE_IDENTIFIER = in.gov.mospi.goistats;
				PRODUCT_NAME = GoIStats;
				PROVISIONING_PROFILE_SPECIFIER = "";
				"PROVISIONING_PROFILE_SPECIFIER[sdk=iphoneos*]" = GoIStats_development_provisioningprofile;
				SUPPORTED_PLATFORMS = "iphoneos iphonesimulator";
				SUPPORTS_MACCATALYST = NO;
				SUPPORTS_MAC_DESIGNED_FOR_IPHONE_IPAD = NO;
				SUPPORTS_XR_DESIGNED_FOR_IPHONE_IPAD = NO;
				SWIFT_EMIT_LOC_STRINGS = YES;
				SWIFT_VERSION = 5.0;
				TARGETED_DEVICE_FAMILY = 1;
			};
			name = Debug;
		};
		A720545A2E2110C2003E6EE8 /* Release */ = {
			isa = XCBuildConfiguration;
			baseConfigurationReference = 9619C2F422A1ADFA9B55DE53 /* Pods-goistats.release.xcconfig */;
			buildSettings = {
				ASSETCATALOG_COMPILER_APPICON_NAME = AppIcon;
				ASSETCATALOG_COMPILER_GLOBAL_ACCENT_COLOR_NAME = AccentColor;
				CODE_SIGN_ENTITLEMENTS = goistats/goistats.entitlements;
				CODE_SIGN_IDENTITY = "Apple Development";
				"CODE_SIGN_IDENTITY[sdk=iphoneos*]" = "iPhone Developer";
				CODE_SIGN_STYLE = Manual;
				CURRENT_PROJECT_VERSION = 1;
				DEVELOPMENT_TEAM = "";
				"DEVELOPMENT_TEAM[sdk=iphoneos*]" = U5X787ML8J;
				GENERATE_INFOPLIST_FILE = YES;
				INFOPLIST_FILE = goistats/Info.plist;
				INFOPLIST_KEY_CFBundleDisplayName = GoIStats;
				INFOPLIST_KEY_NSMicrophoneUsageDescription = "We need access to the microphone for voice based data search in Products Tab.";
				INFOPLIST_KEY_NSPhotoLibraryAddUsageDescription = "We need access to the photo library to save images/data downloaded from the App.";
				INFOPLIST_KEY_NSPhotoLibraryUsageDescription = "We need access to the photo library to save images/data downloaded from the App.";
				INFOPLIST_KEY_NSSpeechRecognitionUsageDescription = "We need access to the microphone for voice based data search in Products Tab.";
				INFOPLIST_KEY_UIApplicationSupportsIndirectInputEvents = YES;
				INFOPLIST_KEY_UILaunchStoryboardName = LaunchScreen;
				INFOPLIST_KEY_UIMainStoryboardFile = Main;
				INFOPLIST_KEY_UISupportedInterfaceOrientations = UIInterfaceOrientationPortrait;
				INFOPLIST_KEY_UISupportedInterfaceOrientations_iPad = "UIInterfaceOrientationLandscapeLeft UIInterfaceOrientationLandscapeRight UIInterfaceOrientationPortrait UIInterfaceOrientationPortraitUpsideDown";
				IPHONEOS_DEPLOYMENT_TARGET = 15.6;
				LD_RUNPATH_SEARCH_PATHS = (
					"$(inherited)",
					"@executable_path/Frameworks",
				);
				MARKETING_VERSION = 1.0.1;
				PRODUCT_BUNDLE_IDENTIFIER = in.gov.mospi.goistats;
				PRODUCT_NAME = GoIStats;
				PROVISIONING_PROFILE_SPECIFIER = "";
				"PROVISIONING_PROFILE_SPECIFIER[sdk=iphoneos*]" = GoIStats_development_provisioningprofile;
				SUPPORTED_PLATFORMS = "iphoneos iphonesimulator";
				SUPPORTS_MACCATALYST = NO;
				SUPPORTS_MAC_DESIGNED_FOR_IPHONE_IPAD = NO;
				SUPPORTS_XR_DESIGNED_FOR_IPHONE_IPAD = NO;
				SWIFT_EMIT_LOC_STRINGS = YES;
				SWIFT_VERSION = 5.0;
				TARGETED_DEVICE_FAMILY = 1;
			};
			name = Release;
		};
		A720545B2E2110C2003E6EE8 /* Debug */ = {
			isa = XCBuildConfiguration;
			buildSettings = {
				ALWAYS_SEARCH_USER_PATHS = NO;
				ASSETCATALOG_COMPILER_GENERATE_SWIFT_ASSET_SYMBOL_EXTENSIONS = YES;
				CLANG_ANALYZER_NONNULL = YES;
				CLANG_ANALYZER_NUMBER_OBJECT_CONVERSION = YES_AGGRESSIVE;
				CLANG_CXX_LANGUAGE_STANDARD = "gnu++20";
				CLANG_ENABLE_MODULES = YES;
				CLANG_ENABLE_OBJC_ARC = YES;
				CLANG_ENABLE_OBJC_WEAK = YES;
				CLANG_WARN_BLOCK_CAPTURE_AUTORELEASING = YES;
				CLANG_WARN_BOOL_CONVERSION = YES;
				CLANG_WARN_COMMA = YES;
				CLANG_WARN_CONSTANT_CONVERSION = YES;
				CLANG_WARN_DEPRECATED_OBJC_IMPLEMENTATIONS = YES;
				CLANG_WARN_DIRECT_OBJC_ISA_USAGE = YES_ERROR;
				CLANG_WARN_DOCUMENTATION_COMMENTS = YES;
				CLANG_WARN_EMPTY_BODY = YES;
				CLANG_WARN_ENUM_CONVERSION = YES;
				CLANG_WARN_INFINITE_RECURSION = YES;
				CLANG_WARN_INT_CONVERSION = YES;
				CLANG_WARN_NON_LITERAL_NULL_CONVERSION = YES;
				CLANG_WARN_OBJC_IMPLICIT_RETAIN_SELF = YES;
				CLANG_WARN_OBJC_LITERAL_CONVERSION = YES;
				CLANG_WARN_OBJC_ROOT_CLASS = YES_ERROR;
				CLANG_WARN_QUOTED_INCLUDE_IN_FRAMEWORK_HEADER = YES;
				CLANG_WARN_RANGE_LOOP_ANALYSIS = YES;
				CLANG_WARN_STRICT_PROTOTYPES = YES;
				CLANG_WARN_SUSPICIOUS_MOVE = YES;
				CLANG_WARN_UNGUARDED_AVAILABILITY = YES_AGGRESSIVE;
				CLANG_WARN_UNREACHABLE_CODE = YES;
				CLANG_WARN__DUPLICATE_METHOD_MATCH = YES;
				COPY_PHASE_STRIP = NO;
				DEBUG_INFORMATION_FORMAT = dwarf;
				ENABLE_STRICT_OBJC_MSGSEND = YES;
				ENABLE_TESTABILITY = YES;
				ENABLE_USER_SCRIPT_SANDBOXING = YES;
				GCC_C_LANGUAGE_STANDARD = gnu17;
				GCC_DYNAMIC_NO_PIC = NO;
				GCC_NO_COMMON_BLOCKS = YES;
				GCC_OPTIMIZATION_LEVEL = 0;
				GCC_PREPROCESSOR_DEFINITIONS = (
					"DEBUG=1",
					"$(inherited)",
				);
				GCC_WARN_64_TO_32_BIT_CONVERSION = YES;
				GCC_WARN_ABOUT_RETURN_TYPE = YES_ERROR;
				GCC_WARN_UNDECLARED_SELECTOR = YES;
				GCC_WARN_UNINITIALIZED_AUTOS = YES_AGGRESSIVE;
				GCC_WARN_UNUSED_FUNCTION = YES;
				GCC_WARN_UNUSED_VARIABLE = YES;
				IPHONEOS_DEPLOYMENT_TARGET = 18.5;
				LOCALIZATION_PREFERS_STRING_CATALOGS = YES;
				MTL_ENABLE_DEBUG_INFO = INCLUDE_SOURCE;
				MTL_FAST_MATH = YES;
				ONLY_ACTIVE_ARCH = YES;
				SDKROOT = iphoneos;
				SWIFT_ACTIVE_COMPILATION_CONDITIONS = "DEBUG $(inherited)";
				SWIFT_OPTIMIZATION_LEVEL = "-Onone";
			};
			name = Debug;
		};
		A720545C2E2110C2003E6EE8 /* Release */ = {
			isa = XCBuildConfiguration;
			buildSettings = {
				ALWAYS_SEARCH_USER_PATHS = NO;
				ASSETCATALOG_COMPILER_GENERATE_SWIFT_ASSET_SYMBOL_EXTENSIONS = YES;
				CLANG_ANALYZER_NONNULL = YES;
				CLANG_ANALYZER_NUMBER_OBJECT_CONVERSION = YES_AGGRESSIVE;
				CLANG_CXX_LANGUAGE_STANDARD = "gnu++20";
				CLANG_ENABLE_MODULES = YES;
				CLANG_ENABLE_OBJC_ARC = YES;
				CLANG_ENABLE_OBJC_WEAK = YES;
				CLANG_WARN_BLOCK_CAPTURE_AUTORELEASING = YES;
				CLANG_WARN_BOOL_CONVERSION = YES;
				CLANG_WARN_COMMA = YES;
				CLANG_WARN_CONSTANT_CONVERSION = YES;
				CLANG_WARN_DEPRECATED_OBJC_IMPLEMENTATIONS = YES;
				CLANG_WARN_DIRECT_OBJC_ISA_USAGE = YES_ERROR;
				CLANG_WARN_DOCUMENTATION_COMMENTS = YES;
				CLANG_WARN_EMPTY_BODY = YES;
				CLANG_WARN_ENUM_CONVERSION = YES;
				CLANG_WARN_INFINITE_RECURSION = YES;
				CLANG_WARN_INT_CONVERSION = YES;
				CLANG_WARN_NON_LITERAL_NULL_CONVERSION = YES;
				CLANG_WARN_OBJC_IMPLICIT_RETAIN_SELF = YES;
				CLANG_WARN_OBJC_LITERAL_CONVERSION = YES;
				CLANG_WARN_OBJC_ROOT_CLASS = YES_ERROR;
				CLANG_WARN_QUOTED_INCLUDE_IN_FRAMEWORK_HEADER = YES;
				CLANG_WARN_RANGE_LOOP_ANALYSIS = YES;
				CLANG_WARN_STRICT_PROTOTYPES = YES;
				CLANG_WARN_SUSPICIOUS_MOVE = YES;
				CLANG_WARN_UNGUARDED_AVAILABILITY = YES_AGGRESSIVE;
				CLANG_WARN_UNREACHABLE_CODE = YES;
				CLANG_WARN__DUPLICATE_METHOD_MATCH = YES;
				COPY_PHASE_STRIP = NO;
				DEBUG_INFORMATION_FORMAT = "dwarf-with-dsym";
				ENABLE_NS_ASSERTIONS = NO;
				ENABLE_STRICT_OBJC_MSGSEND = YES;
				ENABLE_USER_SCRIPT_SANDBOXING = YES;
				GCC_C_LANGUAGE_STANDARD = gnu17;
				GCC_NO_COMMON_BLOCKS = YES;
				GCC_WARN_64_TO_32_BIT_CONVERSION = YES;
				GCC_WARN_ABOUT_RETURN_TYPE = YES_ERROR;
				GCC_WARN_UNDECLARED_SELECTOR = YES;
				GCC_WARN_UNINITIALIZED_AUTOS = YES_AGGRESSIVE;
				GCC_WARN_UNUSED_FUNCTION = YES;
				GCC_WARN_UNUSED_VARIABLE = YES;
				IPHONEOS_DEPLOYMENT_TARGET = 18.5;
				LOCALIZATION_PREFERS_STRING_CATALOGS = YES;
				MTL_ENABLE_DEBUG_INFO = NO;
				MTL_FAST_MATH = YES;
				SDKROOT = iphoneos;
				SWIFT_COMPILATION_MODE = wholemodule;
				VALIDATE_PRODUCT = YES;
			};
			name = Release;
		};
		A720545E2E2110C2003E6EE8 /* Debug */ = {
			isa = XCBuildConfiguration;
			baseConfigurationReference = B3642BE25DE066768ACF8461 /* Pods-goistatsTests.debug.xcconfig */;
			buildSettings = {
				BUNDLE_LOADER = "$(TEST_HOST)";
				CODE_SIGN_STYLE = Automatic;
				CURRENT_PROJECT_VERSION = 1;
				GENERATE_INFOPLIST_FILE = YES;
				IPHONEOS_DEPLOYMENT_TARGET = 18.5;
				MARKETING_VERSION = 1.0;
				PRODUCT_BUNDLE_IDENTIFIER = in.gov.mospi.goistatsTests;
				PRODUCT_NAME = "$(TARGET_NAME)";
				SWIFT_EMIT_LOC_STRINGS = NO;
				SWIFT_VERSION = 5.0;
				TARGETED_DEVICE_FAMILY = "1,2";
				TEST_HOST = "$(BUILT_PRODUCTS_DIR)/goistats.app/$(BUNDLE_EXECUTABLE_FOLDER_PATH)/goistats";
			};
			name = Debug;
		};
		A720545F2E2110C2003E6EE8 /* Release */ = {
			isa = XCBuildConfiguration;
			baseConfigurationReference = B867BD5702742297192D0B6A /* Pods-goistatsTests.release.xcconfig */;
			buildSettings = {
				BUNDLE_LOADER = "$(TEST_HOST)";
				CODE_SIGN_STYLE = Automatic;
				CURRENT_PROJECT_VERSION = 1;
				GENERATE_INFOPLIST_FILE = YES;
				IPHONEOS_DEPLOYMENT_TARGET = 18.5;
				MARKETING_VERSION = 1.0;
				PRODUCT_BUNDLE_IDENTIFIER = in.gov.mospi.goistatsTests;
				PRODUCT_NAME = "$(TARGET_NAME)";
				SWIFT_EMIT_LOC_STRINGS = NO;
				SWIFT_VERSION = 5.0;
				TARGETED_DEVICE_FAMILY = "1,2";
				TEST_HOST = "$(BUILT_PRODUCTS_DIR)/goistats.app/$(BUNDLE_EXECUTABLE_FOLDER_PATH)/goistats";
			};
			name = Release;
		};
		A72054612E2110C2003E6EE8 /* Debug */ = {
			isa = XCBuildConfiguration;
			baseConfigurationReference = A54AA152E116BFA98123FAD5 /* Pods-goistats-goistatsUITests.debug.xcconfig */;
			buildSettings = {
				CODE_SIGN_STYLE = Automatic;
				CURRENT_PROJECT_VERSION = 1;
				GENERATE_INFOPLIST_FILE = YES;
				MARKETING_VERSION = 1.0;
				PRODUCT_BUNDLE_IDENTIFIER = in.gov.mospi.goistatsUITests;
				PRODUCT_NAME = "$(TARGET_NAME)";
				SWIFT_EMIT_LOC_STRINGS = NO;
				SWIFT_VERSION = 5.0;
				TARGETED_DEVICE_FAMILY = "1,2";
				TEST_TARGET_NAME = goistats;
			};
			name = Debug;
		};
		A72054622E2110C2003E6EE8 /* Release */ = {
			isa = XCBuildConfiguration;
			baseConfigurationReference = D9E1776D3BA45120EE6F3D3E /* Pods-goistats-goistatsUITests.release.xcconfig */;
			buildSettings = {
				CODE_SIGN_STYLE = Automatic;
				CURRENT_PROJECT_VERSION = 1;
				GENERATE_INFOPLIST_FILE = YES;
				MARKETING_VERSION = 1.0;
				PRODUCT_BUNDLE_IDENTIFIER = in.gov.mospi.goistatsUITests;
				PRODUCT_NAME = "$(TARGET_NAME)";
				SWIFT_EMIT_LOC_STRINGS = NO;
				SWIFT_VERSION = 5.0;
				TARGETED_DEVICE_FAMILY = "1,2";
				TEST_TARGET_NAME = goistats;
			};
			name = Release;
		};
/* End XCBuildConfiguration section */

/* Begin XCConfigurationList section */
		A72054272E2110C1003E6EE8 /* Build configuration list for PBXProject "goistats" */ = {
			isa = XCConfigurationList;
			buildConfigurations = (
				A720545B2E2110C2003E6EE8 /* Debug */,
				A720545C2E2110C2003E6EE8 /* Release */,
			);
			defaultConfigurationIsVisible = 0;
			defaultConfigurationName = Release;
		};
		A72054582E2110C2003E6EE8 /* Build configuration list for PBXNativeTarget "goistats" */ = {
			isa = XCConfigurationList;
			buildConfigurations = (
				A72054592E2110C2003E6EE8 /* Debug */,
				A720545A2E2110C2003E6EE8 /* Release */,
			);
			defaultConfigurationIsVisible = 0;
			defaultConfigurationName = Release;
		};
		A720545D2E2110C2003E6EE8 /* Build configuration list for PBXNativeTarget "goistatsTests" */ = {
			isa = XCConfigurationList;
			buildConfigurations = (
				A720545E2E2110C2003E6EE8 /* Debug */,
				A720545F2E2110C2003E6EE8 /* Release */,
			);
			defaultConfigurationIsVisible = 0;
			defaultConfigurationName = Release;
		};
		A72054602E2110C2003E6EE8 /* Build configuration list for PBXNativeTarget "goistatsUITests" */ = {
			isa = XCConfigurationList;
			buildConfigurations = (
				A72054612E2110C2003E6EE8 /* Debug */,
				A72054622E2110C2003E6EE8 /* Release */,
			);
			defaultConfigurationIsVisible = 0;
			defaultConfigurationName = Release;
		};
/* End XCConfigurationList section */

/* Begin XCRemoteSwiftPackageReference section */
		A70E0E862E4DBDB30026A8BA /* XCRemoteSwiftPackageReference "lottie-ios" */ = {
			isa = XCRemoteSwiftPackageReference;
			repositoryURL = "https://github.com/airbnb/lottie-ios.git";
			requirement = {
				kind = upToNextMajorVersion;
				minimumVersion = 4.5.2;
			};
		};
		A71C99372E8FCA9900478208 /* XCRemoteSwiftPackageReference "PocketSVG" */ = {
			isa = XCRemoteSwiftPackageReference;
			repositoryURL = "https://github.com/pocketsvg/PocketSVG";
			requirement = {
				kind = upToNextMajorVersion;
				minimumVersion = 2.8.0;
			};
		};
		A73D285E2E3B27AA006D5CEB /* XCRemoteSwiftPackageReference "SDWebImageWebPCoder" */ = {
			isa = XCRemoteSwiftPackageReference;
			repositoryURL = "https://github.com/SDWebImage/SDWebImageWebPCoder.git";
			requirement = {
				kind = upToNextMajorVersion;
				minimumVersion = 0.14.6;
			};
		};
		A79AFD6C2E4A082400B0D3D8 /* XCRemoteSwiftPackageReference "firebase-ios-sdk" */ = {
			isa = XCRemoteSwiftPackageReference;
			repositoryURL = "https://github.com/firebase/firebase-ios-sdk";
			requirement = {
				kind = upToNextMajorVersion;
				minimumVersion = 12.1.0;
			};
		};
		A7EA71B32E3A41BE00FEA7CD /* XCRemoteSwiftPackageReference "SVGKit" */ = {
			isa = XCRemoteSwiftPackageReference;
			repositoryURL = "https://github.com/SVGKit/SVGKit.git";
			requirement = {
				kind = upToNextMajorVersion;
				minimumVersion = 3.0.0;
			};
		};
/* End XCRemoteSwiftPackageReference section */

/* Begin XCSwiftPackageProductDependency section */
		A70E0E872E4DBDB30026A8BA /* Lottie */ = {
			isa = XCSwiftPackageProductDependency;
			package = A70E0E862E4DBDB30026A8BA /* XCRemoteSwiftPackageReference "lottie-ios" */;
			productName = Lottie;
		};
		A71C99382E8FCA9900478208 /* PocketSVG */ = {
			isa = XCSwiftPackageProductDependency;
			package = A71C99372E8FCA9900478208 /* XCRemoteSwiftPackageReference "PocketSVG" */;
			productName = PocketSVG;
		};
		A73D285F2E3B27AA006D5CEB /* SDWebImageWebPCoder */ = {
			isa = XCSwiftPackageProductDependency;
			package = A73D285E2E3B27AA006D5CEB /* XCRemoteSwiftPackageReference "SDWebImageWebPCoder" */;
			productName = SDWebImageWebPCoder;
		};
		A79AFD6D2E4A082400B0D3D8 /* FirebaseCore */ = {
			isa = XCSwiftPackageProductDependency;
			package = A79AFD6C2E4A082400B0D3D8 /* XCRemoteSwiftPackageReference "firebase-ios-sdk" */;
			productName = FirebaseCore;
		};
		A79AFD6F2E4A082400B0D3D8 /* FirebaseMessaging */ = {
			isa = XCSwiftPackageProductDependency;
			package = A79AFD6C2E4A082400B0D3D8 /* XCRemoteSwiftPackageReference "firebase-ios-sdk" */;
			productName = FirebaseMessaging;
		};
		A7EA71B42E3A426500FEA7CD /* SVGKit */ = {
			isa = XCSwiftPackageProductDependency;
			package = A7EA71B32E3A41BE00FEA7CD /* XCRemoteSwiftPackageReference "SVGKit" */;
			productName = SVGKit;
		};
		A7EA71B62E3A426500FEA7CD /* SVGKitSwift */ = {
			isa = XCSwiftPackageProductDependency;
			package = A7EA71B32E3A41BE00FEA7CD /* XCRemoteSwiftPackageReference "SVGKit" */;
			productName = SVGKitSwift;
		};
/* End XCSwiftPackageProductDependency section */
	};
	rootObject = A72054242E2110C1003E6EE8 /* Project object */;
}
